<?xml version="1.0" encoding="utf-8"?>
<Project ToolsVersion="4.0" xmlns="http://schemas.microsoft.com/developer/msbuild/2003">
  <ItemGroup>
    <Filter Include="image">
      <UniqueIdentifier>{88ba93bf-f8b2-4d66-a168-7619e1f3e2c9}</UniqueIdentifier>
    </Filter>
    <Filter Include="SeaInterface">
      <UniqueIdentifier>{3fcd0f62-9bbc-4a13-a8a7-ea8e12c1ff61}</UniqueIdentifier>
    </Filter>
    <Filter Include="Spyglass">
      <UniqueIdentifier>{b0496538-a852-4eed-a9e4-1cc932f7f121}</UniqueIdentifier>
    </Filter>
    <Filter Include="LandInterface">
      <UniqueIdentifier>{1150193b-9008-4f3c-8671-072249eb753f}</UniqueIdentifier>
    </Filter>
    <Filter Include="Timer">
      <UniqueIdentifier>{857ad0b0-9766-49bd-8b88-d619768c0c39}</UniqueIdentifier>
    </Filter>
    <Filter Include="ItemEntity">
      <UniqueIdentifier>{e4b9b210-ce28-45d9-ba29-25db0d4d0abf}</UniqueIdentifier>
    </Filter>
    <Filter Include="EnemyStatShower">
      <UniqueIdentifier>{637f4ee3-2f18-4700-9c38-968e155056ff}</UniqueIdentifier>
    </Filter>
    <Filter Include="CommonInterface">
      <UniqueIdentifier>{2076a0d5-0213-41fe-84a7-ebb2c4269798}</UniqueIdentifier>
    </Filter>
    <Filter Include="WorldMapInterface">
      <UniqueIdentifier>{e7fd2610-c582-48c7-9af5-5a28723ec0ea}</UniqueIdentifier>
    </Filter>
    <Filter Include="InterfaceManager">
      <UniqueIdentifier>{7b2ea2de-b954-43be-9de5-379447759007}</UniqueIdentifier>
    </Filter>
    <Filter Include="InterfaceManager\InterfaceNode">
      <UniqueIdentifier>{8f5c5672-04c8-4bce-bcd4-38faaa0287a1}</UniqueIdentifier>
    </Filter>
    <Filter Include="InterfaceManager\InterfaceGroup">
      <UniqueIdentifier>{d5e49597-4f31-4470-ae11-1c2700b48ef8}</UniqueIdentifier>
    </Filter>
  </ItemGroup>
  <ItemGroup>
    <ClInclude Include="image\defines.h">
      <Filter>image</Filter>
    </ClInclude>
    <ClInclude Include="image\image.h">
      <Filter>image</Filter>
    </ClInclude>
    <ClInclude Include="image\imgrender.h">
      <Filter>image</Filter>
    </ClInclude>
    <ClInclude Include="image\material.h">
      <Filter>image</Filter>
    </ClInclude>
    <ClInclude Include="image\string.h">
      <Filter>image</Filter>
    </ClInclude>
    <ClInclude Include="sea\battle_navigator.h">
      <Filter>SeaInterface</Filter>
    </ClInclude>
    <ClInclude Include="sea\battle_shipcommand.h">
      <Filter>SeaInterface</Filter>
    </ClInclude>
    <ClInclude Include="sea\battle_shipsign.h">
      <Filter>SeaInterface</Filter>
    </ClInclude>
    <ClInclude Include="sea\ibattle.h">
      <Filter>SeaInterface</Filter>
    </ClInclude>
    <ClInclude Include="sea\island_descr.h">
      <Filter>SeaInterface</Filter>
    </ClInclude>
    <ClInclude Include="sea\ShipInfoImages.h">
      <Filter>SeaInterface</Filter>
    </ClInclude>
    <ClInclude Include="sea\ShipPointer.h">
      <Filter>SeaInterface</Filter>
    </ClInclude>
    <ClInclude Include="sea\ships_list.h">
      <Filter>SeaInterface</Filter>
    </ClInclude>
    <ClInclude Include="spyglass\spyglass.h">
      <Filter>Spyglass</Filter>
    </ClInclude>
    <ClInclude Include="land\battle_land.h">
      <Filter>LandInterface</Filter>
    </ClInclude>
    <ClInclude Include="land\battle_mancommand.h">
      <Filter>LandInterface</Filter>
    </ClInclude>
    <ClInclude Include="land\battle_mansign.h">
      <Filter>LandInterface</Filter>
    </ClInclude>
    <ClInclude Include="land\IBoardingStatus.h">
      <Filter>LandInterface</Filter>
    </ClInclude>
    <ClInclude Include="timer\Timer.h">
      <Filter>Timer</Filter>
    </ClInclude>
    <ClInclude Include="ItemEntity\itementity.h">
      <Filter>ItemEntity</Filter>
    </ClInclude>
    <ClInclude Include="EnemyStatShower\enemystatshower.h">
      <Filter>EnemyStatShower</Filter>
    </ClInclude>
    <ClInclude Include="ActivePerkShower.h">
      <Filter>CommonInterface</Filter>
    </ClInclude>
    <ClInclude Include="battle_command.h">
      <Filter>CommonInterface</Filter>
    </ClInclude>
    <ClInclude Include="battle_sign.h">
      <Filter>CommonInterface</Filter>
    </ClInclude>
    <ClInclude Include="defines.h">
      <Filter>CommonInterface</Filter>
    </ClInclude>
    <ClInclude Include="LogAndAction.h">
      <Filter>CommonInterface</Filter>
    </ClInclude>
    <ClInclude Include="MessageIcons.h">
      <Filter>CommonInterface</Filter>
    </ClInclude>
    <ClInclude Include="..\ENGINE\PROGRAM\BATTLE_INTERFACE\msg_control.h">
      <Filter>CommonInterface</Filter>
    </ClInclude>
    <ClInclude Include="Utils.h">
      <Filter>CommonInterface</Filter>
    </ClInclude>
    <ClInclude Include="WorldMapInterface\interface.h">
      <Filter>WorldMapInterface</Filter>
    </ClInclude>
    <ClInclude Include="WorldMapInterface\shipcommand.h">
      <Filter>WorldMapInterface</Filter>
    </ClInclude>
    <ClInclude Include="WorldMapInterface\shipsign.h">
      <Filter>WorldMapInterface</Filter>
    </ClInclude>
    <ClInclude Include="InterfaceManager\BaseManager.h">
      <Filter>InterfaceManager</Filter>
    </ClInclude>
    <ClInclude Include="InterfaceManager\InterfaceManager.h">
      <Filter>InterfaceManager</Filter>
    </ClInclude>
    <ClInclude Include="InterfaceManager\MousePointer.h">
      <Filter>InterfaceManager</Filter>
    </ClInclude>
    <ClInclude Include="InterfaceManager\InterfaceNode\AllNodes.h">
      <Filter>InterfaceManager\InterfaceNode</Filter>
    </ClInclude>
    <ClInclude Include="InterfaceManager\InterfaceNode\BaseNode.h">
      <Filter>InterfaceManager\InterfaceNode</Filter>
    </ClInclude>
    <ClInclude Include="InterfaceManager\InterfaceNode\ImageNode.h">
      <Filter>InterfaceManager\InterfaceNode</Filter>
    </ClInclude>
    <ClInclude Include="InterfaceManager\InterfaceNode\StringNode.h">
      <Filter>InterfaceManager\InterfaceNode</Filter>
    </ClInclude>
    <ClInclude Include="InterfaceManager\InterfaceGroup\BaseGroup.h">
      <Filter>InterfaceManager\InterfaceGroup</Filter>
    </ClInclude>
    <ClInclude Include="InterfaceManager\InterfaceGroup\SeaGroup.h">
      <Filter>InterfaceManager\InterfaceGroup</Filter>
    </ClInclude>
  </ItemGroup>
  <ItemGroup>
    <ClCompile Include="image\image.cpp">
      <Filter>image</Filter>
    </ClCompile>
    <ClCompile Include="image\imgrender.cpp">
      <Filter>image</Filter>
    </ClCompile>
    <ClCompile Include="image\material.cpp">
      <Filter>image</Filter>
    </ClCompile>
    <ClCompile Include="image\string.cpp">
      <Filter>image</Filter>
    </ClCompile>
    <ClCompile Include="sea\battle_navigator.cpp">
      <Filter>SeaInterface</Filter>
    </ClCompile>
    <ClCompile Include="sea\battle_shipcommand.cpp">
      <Filter>SeaInterface</Filter>
    </ClCompile>
    <ClCompile Include="sea\battle_shipsign.cpp">
      <Filter>SeaInterface</Filter>
    </ClCompile>
    <ClCompile Include="sea\ibattle.cpp">
      <Filter>SeaInterface</Filter>
    </ClCompile>
    <ClCompile Include="sea\island_descr.cpp">
      <Filter>SeaInterface</Filter>
    </ClCompile>
    <ClCompile Include="sea\ShipInfoImages.cpp">
      <Filter>SeaInterface</Filter>
    </ClCompile>
    <ClCompile Include="sea\ShipPointer.cpp">
      <Filter>SeaInterface</Filter>
    </ClCompile>
    <ClCompile Include="sea\ships_list.cpp">
      <Filter>SeaInterface</Filter>
    </ClCompile>
    <ClCompile Include="spyglass\spyglass.cpp">
      <Filter>Spyglass</Filter>
    </ClCompile>
    <ClCompile Include="land\battle_land.cpp">
      <Filter>LandInterface</Filter>
    </ClCompile>
    <ClCompile Include="land\battle_mancommand.cpp">
      <Filter>LandInterface</Filter>
    </ClCompile>
    <ClCompile Include="land\battle_mansign.cpp">
      <Filter>LandInterface</Filter>
    </ClCompile>
    <ClCompile Include="land\IBoardingStatus.cpp">
      <Filter>LandInterface</Filter>
    </ClCompile>
    <ClCompile Include="timer\Timer.cpp">
      <Filter>Timer</Filter>
    </ClCompile>
    <ClCompile Include="ItemEntity\itementity.cpp">
      <Filter>ItemEntity</Filter>
    </ClCompile>
    <ClCompile Include="EnemyStatShower\enemystatshower.cpp">
      <Filter>EnemyStatShower</Filter>
    </ClCompile>
    <ClCompile Include="ActivePerkShower.cpp">
      <Filter>CommonInterface</Filter>
    </ClCompile>
    <ClCompile Include="battle_command.cpp">
      <Filter>CommonInterface</Filter>
    </ClCompile>
    <ClCompile Include="battle_sign.cpp">
      <Filter>CommonInterface</Filter>
    </ClCompile>
    <ClCompile Include="LogAndAction.cpp">
      <Filter>CommonInterface</Filter>
    </ClCompile>
    <ClCompile Include="MessageIcons.cpp">
      <Filter>CommonInterface</Filter>
    </ClCompile>
    <ClCompile Include="Utils.cpp">
      <Filter>CommonInterface</Filter>
    </ClCompile>
    <ClCompile Include="WorldMapInterface\interface.cpp">
      <Filter>WorldMapInterface</Filter>
    </ClCompile>
    <ClCompile Include="WorldMapInterface\shipcommand.cpp">
      <Filter>WorldMapInterface</Filter>
    </ClCompile>
    <ClCompile Include="WorldMapInterface\shipsign.cpp">
      <Filter>WorldMapInterface</Filter>
    </ClCompile>
    <ClCompile Include="InterfaceManager\InterfaceManager.cpp">
      <Filter>InterfaceManager</Filter>
    </ClCompile>
    <ClCompile Include="InterfaceManager\MousePointer.cpp">
      <Filter>InterfaceManager</Filter>
    </ClCompile>
    <ClCompile Include="InterfaceManager\InterfaceNode\BaseNode.cpp">
      <Filter>InterfaceManager\InterfaceNode</Filter>
    </ClCompile>
    <ClCompile Include="InterfaceManager\InterfaceNode\ImageNode.cpp">
      <Filter>InterfaceManager\InterfaceNode</Filter>
    </ClCompile>
    <ClCompile Include="InterfaceManager\InterfaceNode\StringNode.cpp">
      <Filter>InterfaceManager\InterfaceNode</Filter>
    </ClCompile>
    <ClCompile Include="InterfaceManager\InterfaceGroup\BaseGroup.cpp">
      <Filter>InterfaceManager\InterfaceGroup</Filter>
    </ClCompile>
    <ClCompile Include="InterfaceManager\InterfaceGroup\SeaGroup.cpp">
      <Filter>InterfaceManager\InterfaceGroup</Filter>
    </ClCompile>
  </ItemGroup>
</Project>