<?xml version="1.0" encoding="utf-8"?>
<Project ToolsVersion="4.0" xmlns="http://schemas.microsoft.com/developer/msbuild/2003">
  <ItemGroup>
    <Filter Include="Source Files">
      <UniqueIdentifier>{e86c20f8-0a1a-494b-892b-5343d7f6431f}</UniqueIdentifier>
    </Filter>
    <Filter Include="FreeCamera Files">
      <UniqueIdentifier>{acd5a762-c7fd-4541-8d87-f2b8befb5ecd}</UniqueIdentifier>
    </Filter>
    <Filter Include="ShipCamera Files">
      <UniqueIdentifier>{f2467bc6-b5bb-433a-8f41-f44aaa68c835}</UniqueIdentifier>
    </Filter>
    <Filter Include="DeckCamera">
      <UniqueIdentifier>{f8b2e07f-68e8-4a65-a94e-857c278b8653}</UniqueIdentifier>
    </Filter>
  </ItemGroup>
  <ItemGroup>
    <ClInclude Include="Common_Camera.h">
      <Filter>Source Files</Filter>
    </ClInclude>
    <ClInclude Include="SEA_CAMERAS.h">
      <Filter>Source Files</Filter>
    </ClInclude>
    <ClInclude Include="FreeCamera.h">
      <Filter>FreeCamera Files</Filter>
    </ClInclude>
    <ClInclude Include="ShipCamera.h">
      <Filter>ShipCamera Files</Filter>
    </ClInclude>
    <ClInclude Include="DeckCamera.h">
      <Filter>DeckCamera</Filter>
    </ClInclude>
  </ItemGroup>
  <ItemGroup>
    <ClCompile Include="SEA_CAMERAS.cpp">
      <Filter>Source Files</Filter>
    </ClCompile>
    <ClCompile Include="FreeCamera.cpp">
      <Filter>FreeCamera Files</Filter>
    </ClCompile>
    <ClCompile Include="ShipCamera.cpp">
      <Filter>ShipCamera Files</Filter>
    </ClCompile>
    <ClCompile Include="DeckCamera.cpp">
      <Filter>DeckCamera</Filter>
    </ClCompile>
  </ItemGroup>
</Project>