<?xml version="1.0" encoding="utf-8"?>
<Project ToolsVersion="4.0" xmlns="http://schemas.microsoft.com/developer/msbuild/2003">
  <ItemGroup>
    <Filter Include="common">
      <UniqueIdentifier>{1c4f59fa-e946-45e0-864d-2f954cf9976f}</UniqueIdentifier>
    </Filter>
  </ItemGroup>
  <ItemGroup>
    <ClInclude Include="..\Common_h\sail_base.h">
      <Filter>common</Filter>
    </ClInclude>
    <ClInclude Include="..\Common_h\sail_msg.h">
      <Filter>common</Filter>
    </ClInclude>
  </ItemGroup>
</Project>