<?xml version="1.0" encoding="utf-8"?>
<Project ToolsVersion="4.0" xmlns="http://schemas.microsoft.com/developer/msbuild/2003">
  <ItemGroup>
    <Filter Include="Source Files">
      <UniqueIdentifier>{b516e2a4-4b3c-483d-9d2e-4a5bdaede864}</UniqueIdentifier>
      <Extensions>cpp;c;cxx;rc;def;r;odl;idl;hpj;bat</Extensions>
    </Filter>
    <Filter Include="Header Files">
      <UniqueIdentifier>{cf78dc3a-bd29-4996-9a21-b59be17e3099}</UniqueIdentifier>
      <Extensions>h;hpp;hxx;hm;inl</Extensions>
    </Filter>
    <Filter Include="Resource Files">
      <UniqueIdentifier>{6fbbbaa7-5bdf-4fea-837f-96875802e2fd}</UniqueIdentifier>
      <Extensions>ico;cur;bmp;dlg;rc2;rct;bin;rgs;gif;jpg;jpeg;jpe</Extensions>
    </Filter>
    <Filter Include="Data">
      <UniqueIdentifier>{96702e55-b245-4f93-adc9-b3c7e08b0214}</UniqueIdentifier>
    </Filter>
    <Filter Include="Data\Techniques">
      <UniqueIdentifier>{a4cc2925-4f8d-4674-882b-1837e0c0a0b9}</UniqueIdentifier>
    </Filter>
  </ItemGroup>
  <ItemGroup>
    <ClCompile Include="Font.cpp">
      <Filter>Source Files</Filter>
    </ClCompile>
    <ClCompile Include="Screenshot.cpp">
      <Filter>Source Files</Filter>
    </ClCompile>
    <ClCompile Include="sdevice.cpp">
      <Filter>Source Files</Filter>
    </ClCompile>
    <ClCompile Include="Technique.cpp">
      <Filter>Source Files</Filter>
    </ClCompile>
  </ItemGroup>
  <ItemGroup>
    <ClInclude Include="..\Common_h\dx8render.h">
      <Filter>Header Files</Filter>
    </ClInclude>
    <ClInclude Include="Font.h">
      <Filter>Header Files</Filter>
    </ClInclude>
    <ClInclude Include="sdevice.h">
      <Filter>Header Files</Filter>
    </ClInclude>
    <ClInclude Include="Technique.h">
      <Filter>Header Files</Filter>
    </ClInclude>
    <ClInclude Include="texture.h">
      <Filter>Header Files</Filter>
    </ClInclude>
    <ClInclude Include="..\COMMON_H\VideoTexture.h">
      <Filter>Header Files</Filter>
    </ClInclude>
  </ItemGroup>
  <ItemGroup>
    <None Include="..\Engine\modules\techniques\PostProcess\blur.sha">
      <Filter>Data\Techniques</Filter>
    </None>
    <None Include="..\Engine\modules\techniques\PostProcess\glow.sha">
      <Filter>Data\Techniques</Filter>
    </None>
    <None Include="..\Engine\modules\techniques\PostProcess\pp.sha">
      <Filter>Data\Techniques</Filter>
    </None>
    <None Include="..\Engine\Modules\Techniques\RDebug\Vector.sha">
      <Filter>Data\Techniques</Filter>
    </None>
  </ItemGroup>
  <ItemGroup>
    <Text Include="..\Engine\glow.txt" />
  </ItemGroup>
</Project>