<?xml version="1.0" encoding="utf-8"?>
<Project ToolsVersion="4.0" xmlns="http://schemas.microsoft.com/developer/msbuild/2003">
  <ItemGroup>
    <Filter Include="Source Files">
      <UniqueIdentifier>{6b2ac0e6-ca4e-487f-9574-22ee93ee25c0}</UniqueIdentifier>
      <Extensions>cpp;c;cxx;rc;def;r;odl;idl;hpj;bat</Extensions>
    </Filter>
    <Filter Include="Header Files">
      <UniqueIdentifier>{e7773842-3951-496f-a704-7f60593b654c}</UniqueIdentifier>
      <Extensions>h;hpp;hxx;hm;inl</Extensions>
    </Filter>
  </ItemGroup>
  <ItemGroup>
    <ClCompile Include="collide.cpp">
      <Filter>Source Files</Filter>
    </ClCompile>
    <ClCompile Include="geom_static.cpp">
      <Filter>Source Files</Filter>
    </ClCompile>
    <ClCompile Include="geometry.cpp">
      <Filter>Source Files</Filter>
    </ClCompile>
  </ItemGroup>
  <ItemGroup>
    <ClInclude Include="geom.h">
      <Filter>Header Files</Filter>
    </ClInclude>
    <ClInclude Include="..\COMMON_H\geometry.h">
      <Filter>Header Files</Filter>
    </ClInclude>
    <ClInclude Include="geometry.h">
      <Filter>Header Files</Filter>
    </ClInclude>
    <ClInclude Include="geometry_R.h">
      <Filter>Header Files</Filter>
    </ClInclude>
    <ClInclude Include="Rdf.h">
      <Filter>Header Files</Filter>
    </ClInclude>
  </ItemGroup>
</Project>