<?xml version="1.0" encoding="utf-8"?>
<Project ToolsVersion="4.0" xmlns="http://schemas.microsoft.com/developer/msbuild/2003">
  <ItemGroup>
    <Filter Include="main">
      <UniqueIdentifier>{76a31d8c-39a9-45d3-ad0e-1b785bca526e}</UniqueIdentifier>
    </Filter>
    <Filter Include="gui">
      <UniqueIdentifier>{9ac5b930-b2b9-40c6-bc65-cc5929bc01ec}</UniqueIdentifier>
    </Filter>
  </ItemGroup>
  <ItemGroup>
    <ClCompile Include="EditorManager.cpp">
      <Filter>main</Filter>
    </ClCompile>
    <ClCompile Include="InterfaceEditor.cpp">
      <Filter>main</Filter>
    </ClCompile>
    <ClCompile Include="gui\mousepointer.cpp">
      <Filter>gui</Filter>
    </ClCompile>
    <ClCompile Include="gui\node.cpp">
      <Filter>gui</Filter>
    </ClCompile>
    <ClCompile Include="gui\utils.cpp">
      <Filter>gui</Filter>
    </ClCompile>
  </ItemGroup>
  <ItemGroup>
    <ClInclude Include="EditorManager.h">
      <Filter>main</Filter>
    </ClInclude>
    <ClInclude Include="InterfaceEditor.h">
      <Filter>main</Filter>
    </ClInclude>
    <ClInclude Include="gui\allnode.h">
      <Filter>gui</Filter>
    </ClInclude>
    <ClInclude Include="gui\defines.h">
      <Filter>gui</Filter>
    </ClInclude>
    <ClInclude Include="gui\mousepointer.h">
      <Filter>gui</Filter>
    </ClInclude>
    <ClInclude Include="gui\node.h">
      <Filter>gui</Filter>
    </ClInclude>
    <ClInclude Include="gui\utils.h">
      <Filter>gui</Filter>
    </ClInclude>
  </ItemGroup>
</Project>