<?xml version="1.0" encoding="utf-8"?>
<Project ToolsVersion="4.0" xmlns="http://schemas.microsoft.com/developer/msbuild/2003">
  <ItemGroup>
    <Filter Include="Source Files">
      <UniqueIdentifier>{db519bd8-4e74-472c-8e18-6633d6478d51}</UniqueIdentifier>
      <Extensions>cpp;c;cxx;rc;def;r;odl;idl;hpj;bat</Extensions>
    </Filter>
    <Filter Include="Header Files">
      <UniqueIdentifier>{7b7830df-4511-48d2-a08f-893f1f4cb442}</UniqueIdentifier>
      <Extensions>h;hpp;hxx;hm;inl</Extensions>
    </Filter>
    <Filter Include="Resource Files">
      <UniqueIdentifier>{236f68e4-ad0c-499e-a749-e00952da5693}</UniqueIdentifier>
      <Extensions>ico;cur;bmp;dlg;rc2;rct;bin;rgs;gif;jpg;jpeg;jpe</Extensions>
    </Filter>
  </ItemGroup>
  <ItemGroup>
    <ClInclude Include="Animals.H">
      <Filter>Header Files</Filter>
    </ClInclude>
    <ClInclude Include="AnimalsDefines.h">
      <Filter>Header Files</Filter>
    </ClInclude>
    <ClInclude Include="TButterflies.h">
      <Filter>Header Files</Filter>
    </ClInclude>
    <ClInclude Include="TButterfly.h">
      <Filter>Header Files</Filter>
    </ClInclude>
    <ClInclude Include="TDynamicObject.h">
      <Filter>Header Files</Filter>
    </ClInclude>
    <ClInclude Include="TDynamicSystem.h">
      <Filter>Header Files</Filter>
    </ClInclude>
    <ClInclude Include="TFishSchools.h">
      <Filter>Header Files</Filter>
    </ClInclude>
    <ClInclude Include="TIVBufferManager.h">
      <Filter>Header Files</Filter>
    </ClInclude>
    <ClInclude Include="TSeagulls.h">
      <Filter>Header Files</Filter>
    </ClInclude>
    <ClInclude Include="TSharks.h">
      <Filter>Header Files</Filter>
    </ClInclude>
  </ItemGroup>
</Project>