<?xml version="1.0" encoding="utf-8"?>
<Project ToolsVersion="4.0" xmlns="http://schemas.microsoft.com/developer/msbuild/2003">
  <ItemGroup>
    <Filter Include="Source Files">
      <UniqueIdentifier>{856377bd-5a89-4bf7-b9a7-9f70c5821972}</UniqueIdentifier>
      <Extensions>cpp;c;cxx;rc;def;r;odl;idl;hpj;bat</Extensions>
    </Filter>
    <Filter Include="Header Files">
      <UniqueIdentifier>{8073a130-0b9f-4406-b472-0c41d44402c1}</UniqueIdentifier>
      <Extensions>h;hpp;hxx;hm;inl</Extensions>
    </Filter>
    <Filter Include="Resource Files">
      <UniqueIdentifier>{91965fc2-a0b2-4478-af84-0d409959e6c4}</UniqueIdentifier>
      <Extensions>ico;cur;bmp;dlg;rc2;rct;bin;rgs;gif;jpg;jpeg;jpe</Extensions>
    </Filter>
  </ItemGroup>
  <ItemGroup>
    <ClInclude Include="Debris.h">
      <Filter>Header Files</Filter>
    </ClInclude>
    <ClInclude Include="NoiseCloud.h">
      <Filter>Header Files</Filter>
    </ClInclude>
    <ClInclude Include="Pillar.h">
      <Filter>Header Files</Filter>
    </ClInclude>
    <ClInclude Include="Tornado.h">
      <Filter>Header Files</Filter>
    </ClInclude>
    <ClInclude Include="TornadoParticles.h">
      <Filter>Header Files</Filter>
    </ClInclude>
  </ItemGroup>
</Project>