<?xml version="1.0" encoding="utf-8"?>
<Project ToolsVersion="4.0" xmlns="http://schemas.microsoft.com/developer/msbuild/2003">
  <ItemGroup>
    <Filter Include="Common_H">
      <UniqueIdentifier>{195594b4-df34-4dc9-862c-fe0bcd87ff48}</UniqueIdentifier>
    </Filter>
    <Filter Include="Common_H\Particles">
      <UniqueIdentifier>{bd7378d2-2859-476d-b270-86f09b205f01}</UniqueIdentifier>
    </Filter>
    <Filter Include="Common_H\Math3D">
      <UniqueIdentifier>{cd3c2f4c-0fcf-4b42-b8b0-b264094d40b0}</UniqueIdentifier>
    </Filter>
  </ItemGroup>
  <ItemGroup>
    <ClInclude Include="..\Common_h\math3D.h">
      <Filter>Common_H</Filter>
    </ClInclude>
    <ClInclude Include="..\Common_h\particles.h">
      <Filter>Common_H</Filter>
    </ClInclude>
    <ClInclude Include="..\Common_h\particles\gmx_QSort.h">
      <Filter>Common_H\Particles</Filter>
    </ClInclude>
    <ClInclude Include="..\Common_h\particles\iparticlemanager.h">
      <Filter>Common_H\Particles</Filter>
    </ClInclude>
    <ClInclude Include="..\Common_h\particles\iparticlesservice.h">
      <Filter>Common_H\Particles</Filter>
    </ClInclude>
    <ClInclude Include="..\Common_h\particles\iparticlesystem.h">
      <Filter>Common_H\Particles</Filter>
    </ClInclude>
    <ClInclude Include="..\Common_h\math3d\Box.h">
      <Filter>Common_H\Math3D</Filter>
    </ClInclude>
    <ClInclude Include="..\Common_h\math3d\Capsule.h">
      <Filter>Common_H\Math3D</Filter>
    </ClInclude>
    <ClInclude Include="..\Common_h\math3d\Color.h">
      <Filter>Common_H\Math3D</Filter>
    </ClInclude>
    <ClInclude Include="..\Common_h\math3d\Line.h">
      <Filter>Common_H\Math3D</Filter>
    </ClInclude>
    <ClInclude Include="..\Common_h\math3d\Matrix.h">
      <Filter>Common_H\Math3D</Filter>
    </ClInclude>
    <ClInclude Include="..\Common_h\math3d\Plane.h">
      <Filter>Common_H\Math3D</Filter>
    </ClInclude>
    <ClInclude Include="..\Common_h\math3d\Quaternion.h">
      <Filter>Common_H\Math3D</Filter>
    </ClInclude>
    <ClInclude Include="..\Common_h\math3d\Sphere.h">
      <Filter>Common_H\Math3D</Filter>
    </ClInclude>
    <ClInclude Include="..\Common_h\math3d\Triangle.h">
      <Filter>Common_H\Math3D</Filter>
    </ClInclude>
    <ClInclude Include="..\Common_h\math3d\Vector.h">
      <Filter>Common_H\Math3D</Filter>
    </ClInclude>
    <ClInclude Include="..\Common_h\math3d\Vector4.h">
      <Filter>Common_H\Math3D</Filter>
    </ClInclude>
  </ItemGroup>
</Project>