<?xml version="1.0" encoding="utf-8"?>
<Project ToolsVersion="4.0" xmlns="http://schemas.microsoft.com/developer/msbuild/2003">
  <ItemGroup>
    <Filter Include="Data">
      <UniqueIdentifier>{6745088b-d2d8-4eb9-adb2-630152dcd157}</UniqueIdentifier>
    </Filter>
    <Filter Include="Data\Techniques">
      <UniqueIdentifier>{9777002b-93b1-4d04-b5fe-8cbdc7ec6f0d}</UniqueIdentifier>
    </Filter>
  </ItemGroup>
  <ItemGroup>
    <None Include="..\Engine\Modules\Techniques\Sailors_Editor\editor.sha">
      <Filter>Data\Techniques</Filter>
    </None>
  </ItemGroup>
</Project>