<?xml version="1.0" encoding="utf-8"?>
<Project ToolsVersion="4.0" xmlns="http://schemas.microsoft.com/developer/msbuild/2003">
  <ItemGroup>
    <Filter Include="Source Files">
      <UniqueIdentifier>{c8bd33c7-924a-4ecb-b1e4-20d6718edf09}</UniqueIdentifier>
      <Extensions>cpp;c;cxx;rc;def;r;odl;idl;hpj;bat</Extensions>
    </Filter>
    <Filter Include="Header Files">
      <UniqueIdentifier>{d350d5a2-e948-48b6-9539-26c3e20ad806}</UniqueIdentifier>
      <Extensions>h;hpp;hxx;hm;inl</Extensions>
    </Filter>
    <Filter Include="FMOD">
      <UniqueIdentifier>{bb48d8a9-dee2-42d1-a290-b6edcc1eebea}</UniqueIdentifier>
    </Filter>
    <Filter Include="DLL">
      <UniqueIdentifier>{53ec94c2-24c6-4329-88ce-b2481209f01e}</UniqueIdentifier>
    </Filter>
  </ItemGroup>
  <ItemGroup>
    <ClCompile Include="DebugEntity.cpp">
      <Filter>Source Files</Filter>
    </ClCompile>
    <ClCompile Include="..\Common_h\rands.cpp">
      <Filter>Source Files</Filter>
    </ClCompile>
    <ClCompile Include="SoundService.cpp">
      <Filter>Source Files</Filter>
    </ClCompile>
    <ClCompile Include="VSoundService.cpp">
      <Filter>Source Files</Filter>
    </ClCompile>
  </ItemGroup>
  <ItemGroup>
    <ClInclude Include="DebugEntity.h">
      <Filter>Header Files</Filter>
    </ClInclude>
    <ClInclude Include="SoundDefines.h">
      <Filter>Header Files</Filter>
    </ClInclude>
    <ClInclude Include="SoundService.h">
      <Filter>Header Files</Filter>
    </ClInclude>
    <ClInclude Include="VSound.h">
      <Filter>Header Files</Filter>
    </ClInclude>
    <ClInclude Include="VSoundService.h">
      <Filter>Header Files</Filter>
    </ClInclude>
    <ClInclude Include="Fmod4\api\inc\fmod.h">
      <Filter>FMOD</Filter>
    </ClInclude>
    <ClInclude Include="Fmod4\api\inc\fmod.hpp">
      <Filter>FMOD</Filter>
    </ClInclude>
    <ClInclude Include="Fmod4\api\inc\fmod_codec.h">
      <Filter>FMOD</Filter>
    </ClInclude>
    <ClInclude Include="Fmod4\api\inc\fmod_dsp.h">
      <Filter>FMOD</Filter>
    </ClInclude>
    <ClInclude Include="Fmod4\api\inc\fmod_errors.h">
      <Filter>FMOD</Filter>
    </ClInclude>
    <ClInclude Include="Fmod4\api\inc\fmod_output.h">
      <Filter>FMOD</Filter>
    </ClInclude>
  </ItemGroup>
  <ItemGroup>
    <Library Include="Fmod4\api\lib\fmodex_vc.lib">
      <Filter>FMOD</Filter>
    </Library>
  </ItemGroup>
  <ItemGroup>
    <Text Include="Fmod4\api\lib\which library do I use.txt">
      <Filter>FMOD</Filter>
    </Text>
  </ItemGroup>
  <ItemGroup>
    <None Include="..\Engine\fmodex.dll">
      <Filter>DLL</Filter>
    </None>
  </ItemGroup>
</Project>