<?xml version="1.0" encoding="utf-8"?>
<Project ToolsVersion="4.0" xmlns="http://schemas.microsoft.com/developer/msbuild/2003">
  <ItemGroup>
    <Filter Include="DLL">
      <UniqueIdentifier>{53ec94c2-24c6-4329-88ce-b2481209f01e}</UniqueIdentifier>
    </Filter>
  </ItemGroup>
  <ItemGroup>
    <None Include="..\Engine\fmodex.dll">
      <Filter>DLL</Filter>
    </None>
  </ItemGroup>
</Project>