<?xml version="1.0" encoding="utf-8"?>
<Project ToolsVersion="4.0" xmlns="http://schemas.microsoft.com/developer/msbuild/2003">
  <ItemGroup>
    <Filter Include="Location">
      <UniqueIdentifier>{ed18ca3e-db50-4ea1-9c9c-05c13a59c03c}</UniqueIdentifier>
    </Filter>
    <Filter Include="Location\Location">
      <UniqueIdentifier>{82de2687-21e8-4a67-8e21-0f2b02404636}</UniqueIdentifier>
    </Filter>
    <Filter Include="Location\ModelArray">
      <UniqueIdentifier>{2f0f0398-75d9-41db-8c60-1898c9bc3b1d}</UniqueIdentifier>
    </Filter>
    <Filter Include="Location\LocatorArray">
      <UniqueIdentifier>{28ea0040-c4be-49ca-979c-7f6ce7555c71}</UniqueIdentifier>
    </Filter>
    <Filter Include="Location\LocationEffects">
      <UniqueIdentifier>{3ce2ac8e-9939-4d9d-bf94-1cac4837d86c}</UniqueIdentifier>
    </Filter>
    <Filter Include="Location\Lights">
      <UniqueIdentifier>{a4c77820-d2c0-465c-bd3f-141657b19562}</UniqueIdentifier>
    </Filter>
    <Filter Include="Location\Ptc">
      <UniqueIdentifier>{1fe04365-fe38-4f1f-b89e-ef92cddef855}</UniqueIdentifier>
    </Filter>
    <Filter Include="Location\LocationScriptLib">
      <UniqueIdentifier>{3f926f22-04e4-4e20-921a-b53c5c32c906}</UniqueIdentifier>
    </Filter>
    <Filter Include="Character">
      <UniqueIdentifier>{0d6f4b2b-1283-48ab-bffa-5da8b9e26419}</UniqueIdentifier>
    </Filter>
    <Filter Include="Character\Character">
      <UniqueIdentifier>{4f78772d-e571-4745-ad54-9c7872ea2762}</UniqueIdentifier>
    </Filter>
    <Filter Include="Character\AICharacter">
      <UniqueIdentifier>{ae01083d-e6af-4a75-86dc-a28a20bd9177}</UniqueIdentifier>
    </Filter>
    <Filter Include="Character\NPCharacter">
      <UniqueIdentifier>{243908b5-55b7-4e00-a6fe-a088e0ffc3d2}</UniqueIdentifier>
    </Filter>
    <Filter Include="Character\Player">
      <UniqueIdentifier>{450298a9-ad6d-4041-ac81-798d0a3bddfd}</UniqueIdentifier>
    </Filter>
    <Filter Include="Character\CharactersGroups">
      <UniqueIdentifier>{b1477148-0cf2-483e-a542-da816d9f4652}</UniqueIdentifier>
    </Filter>
    <Filter Include="Character\Supervisor">
      <UniqueIdentifier>{c4535619-e753-465e-a2f8-91907f1095ca}</UniqueIdentifier>
    </Filter>
    <Filter Include="Camera">
      <UniqueIdentifier>{63461525-02b0-47d6-a3b5-589e3dcc4f6b}</UniqueIdentifier>
    </Filter>
    <Filter Include="Animals">
      <UniqueIdentifier>{8c5efb82-02b6-43da-91dc-f06f6643bead}</UniqueIdentifier>
    </Filter>
    <Filter Include="Animals\LocLife">
      <UniqueIdentifier>{8c093e77-4179-4209-9007-3baea9def802}</UniqueIdentifier>
    </Filter>
    <Filter Include="Animals\Rats">
      <UniqueIdentifier>{b31edb21-5771-437c-b9bb-0f41346eceb8}</UniqueIdentifier>
    </Filter>
    <Filter Include="Animals\Lizards">
      <UniqueIdentifier>{615e10e1-8596-4ea6-b768-f8a38e290c84}</UniqueIdentifier>
    </Filter>
    <Filter Include="Animals\Eagle">
      <UniqueIdentifier>{b2068383-d84b-47eb-ad79-6ae5823cc706}</UniqueIdentifier>
    </Filter>
    <Filter Include="Effects">
      <UniqueIdentifier>{1d0b4d63-97a0-4976-b5ed-f5bd8a714a2d}</UniqueIdentifier>
    </Filter>
    <Filter Include="Effects\Fader">
      <UniqueIdentifier>{99242417-3750-4db9-8e85-0bf650216e3f}</UniqueIdentifier>
    </Filter>
    <Filter Include="Effects\WideScreen">
      <UniqueIdentifier>{9e3af073-1850-4b6f-b95e-af91c259f19d}</UniqueIdentifier>
    </Filter>
    <Filter Include="Effects\Grass">
      <UniqueIdentifier>{22654db3-8197-4a70-9bea-e6e82a8fdc31}</UniqueIdentifier>
    </Filter>
    <Filter Include="Effects\CharacterAnimationKipper">
      <UniqueIdentifier>{e2cffdec-6e98-47e7-97eb-0612089fbd29}</UniqueIdentifier>
    </Filter>
    <Filter Include="Effects\Blood">
      <UniqueIdentifier>{70a72554-2947-4c43-a368-16b4877a2bd9}</UniqueIdentifier>
    </Filter>
    <Filter Include="Data">
      <UniqueIdentifier>{14d2aaff-006c-4553-969f-62939a8c59f2}</UniqueIdentifier>
    </Filter>
  </ItemGroup>
  <ItemGroup>
    <ClCompile Include="LocationMain.cpp">
      <Filter>Location</Filter>
    </ClCompile>
    <ClCompile Include="Location.cpp">
      <Filter>Location\Location</Filter>
    </ClCompile>
    <ClCompile Include="ModelArray.cpp">
      <Filter>Location\ModelArray</Filter>
    </ClCompile>
    <ClCompile Include="ModelRealizer.cpp">
      <Filter>Location\ModelArray</Filter>
    </ClCompile>
    <ClCompile Include="LocatorArray.cpp">
      <Filter>Location\LocatorArray</Filter>
    </ClCompile>
    <ClCompile Include="LocationEffects.cpp">
      <Filter>Location\LocationEffects</Filter>
    </ClCompile>
    <ClCompile Include="Lights.cpp">
      <Filter>Location\Lights</Filter>
    </ClCompile>
    <ClCompile Include="PtcData.cpp">
      <Filter>Location\Ptc</Filter>
    </ClCompile>
    <ClCompile Include="LocationScriptLib.cpp">
      <Filter>Location\LocationScriptLib</Filter>
    </ClCompile>
    <ClCompile Include="Character.cpp">
      <Filter>Character\Character</Filter>
    </ClCompile>
    <ClCompile Include="AICharacter.cpp">
      <Filter>Character\AICharacter</Filter>
    </ClCompile>
    <ClCompile Include="NPCharacter.cpp">
      <Filter>Character\NPCharacter</Filter>
    </ClCompile>
    <ClCompile Include="Player.cpp">
      <Filter>Character\Player</Filter>
    </ClCompile>
    <ClCompile Include="CharactersGroups.cpp">
      <Filter>Character\CharactersGroups</Filter>
    </ClCompile>
    <ClCompile Include="Supervisor.cpp">
      <Filter>Character\Supervisor</Filter>
    </ClCompile>
    <ClCompile Include="CameraFollow.cpp">
      <Filter>Camera</Filter>
    </ClCompile>
    <ClCompile Include="LocationCamera.cpp">
      <Filter>Camera</Filter>
    </ClCompile>
    <ClCompile Include="PathTracks.cpp">
      <Filter>Camera</Filter>
    </ClCompile>
    <ClCompile Include="LocLife.cpp">
      <Filter>Animals\LocLife</Filter>
    </ClCompile>
    <ClCompile Include="LocRat.cpp">
      <Filter>Animals\Rats</Filter>
    </ClCompile>
    <ClCompile Include="LocRats.cpp">
      <Filter>Animals\Rats</Filter>
    </ClCompile>
    <ClCompile Include="Lizard.cpp">
      <Filter>Animals\Lizards</Filter>
    </ClCompile>
    <ClCompile Include="Lizards.cpp">
      <Filter>Animals\Lizards</Filter>
    </ClCompile>
    <ClCompile Include="LocEagle.cpp">
      <Filter>Animals\Eagle</Filter>
    </ClCompile>
    <ClCompile Include="Fader.cpp">
      <Filter>Effects\Fader</Filter>
    </ClCompile>
    <ClCompile Include="WideScreen.cpp">
      <Filter>Effects\WideScreen</Filter>
    </ClCompile>
    <ClCompile Include="Grass.cpp">
      <Filter>Effects\Grass</Filter>
    </ClCompile>
    <ClCompile Include="CharacterAnimationKipper.cpp">
      <Filter>Effects\CharacterAnimationKipper</Filter>
    </ClCompile>
    <ClCompile Include="Blood.cpp">
      <Filter>Effects\Blood</Filter>
    </ClCompile>
  </ItemGroup>
  <ItemGroup>
    <ClInclude Include="Location.h">
      <Filter>Location\Location</Filter>
    </ClInclude>
    <ClInclude Include="ModelArray.h">
      <Filter>Location\ModelArray</Filter>
    </ClInclude>
    <ClInclude Include="ModelRealizer.h">
      <Filter>Location\ModelArray</Filter>
    </ClInclude>
    <ClInclude Include="LocatorArray.h">
      <Filter>Location\LocatorArray</Filter>
    </ClInclude>
    <ClInclude Include="LocationEffects.h">
      <Filter>Location\LocationEffects</Filter>
    </ClInclude>
    <ClInclude Include="Lights.h">
      <Filter>Location\Lights</Filter>
    </ClInclude>
    <ClInclude Include="ptc.h">
      <Filter>Location\Ptc</Filter>
    </ClInclude>
    <ClInclude Include="PtcData.h">
      <Filter>Location\Ptc</Filter>
    </ClInclude>
    <ClInclude Include="LocationScriptLib.h">
      <Filter>Location\LocationScriptLib</Filter>
    </ClInclude>
    <ClInclude Include="Character.h">
      <Filter>Character\Character</Filter>
    </ClInclude>
    <ClInclude Include="AICharacter.h">
      <Filter>Character\AICharacter</Filter>
    </ClInclude>
    <ClInclude Include="NPCharacter.h">
      <Filter>Character\NPCharacter</Filter>
    </ClInclude>
    <ClInclude Include="Player.h">
      <Filter>Character\Player</Filter>
    </ClInclude>
    <ClInclude Include="CharactersGroups.h">
      <Filter>Character\CharactersGroups</Filter>
    </ClInclude>
    <ClInclude Include="Supervisor.h">
      <Filter>Character\Supervisor</Filter>
    </ClInclude>
    <ClInclude Include="CameraFollow.h">
      <Filter>Camera</Filter>
    </ClInclude>
    <ClInclude Include="CameraTracksFile.h">
      <Filter>Camera</Filter>
    </ClInclude>
    <ClInclude Include="LocationCamera.h">
      <Filter>Camera</Filter>
    </ClInclude>
    <ClInclude Include="PathTracks.h">
      <Filter>Camera</Filter>
    </ClInclude>
    <ClInclude Include="LocLife.h">
      <Filter>Animals\LocLife</Filter>
    </ClInclude>
    <ClInclude Include="LocRat.h">
      <Filter>Animals\Rats</Filter>
    </ClInclude>
    <ClInclude Include="LocRats.h">
      <Filter>Animals\Rats</Filter>
    </ClInclude>
    <ClInclude Include="Lizard.h">
      <Filter>Animals\Lizards</Filter>
    </ClInclude>
    <ClInclude Include="Lizards.h">
      <Filter>Animals\Lizards</Filter>
    </ClInclude>
    <ClInclude Include="LocEagle.h">
      <Filter>Animals\Eagle</Filter>
    </ClInclude>
    <ClInclude Include="Fader.h">
      <Filter>Effects\Fader</Filter>
    </ClInclude>
    <ClInclude Include="WideScreen.h">
      <Filter>Effects\WideScreen</Filter>
    </ClInclude>
    <ClInclude Include="Grass.h">
      <Filter>Effects\Grass</Filter>
    </ClInclude>
    <ClInclude Include="grs.h">
      <Filter>Effects\Grass</Filter>
    </ClInclude>
    <ClInclude Include="CharacterAnimationKipper.h">
      <Filter>Effects\CharacterAnimationKipper</Filter>
    </ClInclude>
    <ClInclude Include="Blood.h">
      <Filter>Effects\Blood</Filter>
    </ClInclude>
  </ItemGroup>
  <ItemGroup>
    <Text Include="..\Engine\Resource\animation\ani.txt">
      <Filter>Data</Filter>
    </Text>
  </ItemGroup>
  <ItemGroup>
    <None Include="..\Engine\Modules\Techniques\Effects\GrassEx.sha">
      <Filter>Data</Filter>
    </None>
  </ItemGroup>
  <ItemGroup>
    <FxCompile Include="HLSL.fx">
      <Filter>Data</Filter>
    </FxCompile>
  </ItemGroup>
</Project>