<?xml version="1.0" encoding="utf-8"?>
<Project ToolsVersion="4.0" xmlns="http://schemas.microsoft.com/developer/msbuild/2003">
  <ItemGroup>
    <Filter Include="Source Files">
      <UniqueIdentifier>{e8e5cccb-ca25-449f-80aa-3c5e8962a4bb}</UniqueIdentifier>
      <Extensions>cpp;c;cxx;rc;def;r;odl;idl;hpj;bat</Extensions>
    </Filter>
    <Filter Include="Source Files\Server">
      <UniqueIdentifier>{bad0e8b3-747f-4fdd-9e70-e289cf434c9e}</UniqueIdentifier>
    </Filter>
    <Filter Include="Source Files\Server\LocalClient">
      <UniqueIdentifier>{89aa32f7-5a28-40b2-93a2-27177c689f50}</UniqueIdentifier>
    </Filter>
    <Filter Include="Source Files\Client">
      <UniqueIdentifier>{895deb45-c56e-49ad-b5a6-9726352f1b32}</UniqueIdentifier>
    </Filter>
    <Filter Include="Source Files\CRC">
      <UniqueIdentifier>{294a3b0c-65bc-43cf-ab56-cc5fbd973d53}</UniqueIdentifier>
    </Filter>
    <Filter Include="Source Files\File">
      <UniqueIdentifier>{bf88a33f-7b2e-4e47-b96b-cf0fb3951ccf}</UniqueIdentifier>
    </Filter>
    <Filter Include="Source Files\Script">
      <UniqueIdentifier>{ef25fd50-0401-4c2b-81c1-b20dd41bd506}</UniqueIdentifier>
    </Filter>
    <Filter Include="Entities">
      <UniqueIdentifier>{092fa995-d932-46c2-bc52-0c981b1dc1ef}</UniqueIdentifier>
    </Filter>
    <Filter Include="Entities\NetChat">
      <UniqueIdentifier>{c2497888-5675-491a-942c-1ca987708d3c}</UniqueIdentifier>
    </Filter>
    <Filter Include="Entities\NetShip">
      <UniqueIdentifier>{9f2d6a31-f1b4-4c4b-91c8-992175cb70f4}</UniqueIdentifier>
    </Filter>
    <Filter Include="Entities\NetSea">
      <UniqueIdentifier>{44641bcd-bf2f-45aa-b946-70f8e914b2dc}</UniqueIdentifier>
    </Filter>
    <Filter Include="Entities\NetConsole">
      <UniqueIdentifier>{424894e8-160a-4612-bda3-f042312a5c3f}</UniqueIdentifier>
    </Filter>
    <Filter Include="Entities\NetWeather">
      <UniqueIdentifier>{2622b1aa-2e48-4535-9fc9-ba5544c6b9eb}</UniqueIdentifier>
    </Filter>
    <Filter Include="Entities\NetWeather\Sky">
      <UniqueIdentifier>{f42dcabf-8e01-4231-9dad-4ec50099e0ad}</UniqueIdentifier>
    </Filter>
    <Filter Include="Entities\NetWeather\SunGlow">
      <UniqueIdentifier>{49510d7d-7269-495f-86b4-4cd1d7a4a1ba}</UniqueIdentifier>
    </Filter>
    <Filter Include="Entities\NetWeather\Rain">
      <UniqueIdentifier>{2e30e845-9b87-4bc4-be78-3287507a4178}</UniqueIdentifier>
    </Filter>
    <Filter Include="Entities\NetWeather\Lightning">
      <UniqueIdentifier>{5cf6a055-587d-4582-9c72-ea4a7f9359dc}</UniqueIdentifier>
    </Filter>
    <Filter Include="Entities\NetTouch">
      <UniqueIdentifier>{c1bac10a-98af-4b47-9eca-7fc2f5654b93}</UniqueIdentifier>
    </Filter>
    <Filter Include="Entities\NetCamera">
      <UniqueIdentifier>{d55605b5-96a4-41d9-9b20-a68122e51cc6}</UniqueIdentifier>
    </Filter>
    <Filter Include="Entities\NetBalls">
      <UniqueIdentifier>{24a6a440-4f64-4ab5-95f8-d18d9c6cd5ee}</UniqueIdentifier>
    </Filter>
    <Filter Include="Entities\NetRigging">
      <UniqueIdentifier>{e123945b-e106-4f68-9eeb-fddee5f40550}</UniqueIdentifier>
    </Filter>
    <Filter Include="Entities\NetCannons">
      <UniqueIdentifier>{eda7a863-4bf3-4cbb-8c63-df9da3deaf37}</UniqueIdentifier>
    </Filter>
    <Filter Include="Entities\NetIsland">
      <UniqueIdentifier>{e24dcd28-f8b6-4a30-b582-4b0b715c5d3a}</UniqueIdentifier>
    </Filter>
    <Filter Include="Entities\NetFort">
      <UniqueIdentifier>{d7df0eea-d918-4951-b13f-c90f5ef8d2be}</UniqueIdentifier>
    </Filter>
    <Filter Include="Entities\NetLightPillar">
      <UniqueIdentifier>{e9eed6c5-f607-4e9f-b8e1-917f4f6f0d62}</UniqueIdentifier>
    </Filter>
  </ItemGroup>
  <ItemGroup>
    <ClInclude Include="common.h">
      <Filter>Source Files</Filter>
    </ClInclude>
    <ClInclude Include="net.h">
      <Filter>Source Files</Filter>
    </ClInclude>
    <ClInclude Include="..\Common_h\Net.h">
      <Filter>Source Files</Filter>
    </ClInclude>
    <ClInclude Include="NetMessage.h">
      <Filter>Source Files</Filter>
    </ClInclude>
    <ClInclude Include="Nurbs.h">
      <Filter>Source Files</Filter>
    </ClInclude>
    <ClInclude Include="Server.h">
      <Filter>Source Files\Server</Filter>
    </ClInclude>
    <ClInclude Include="LocalClient.h">
      <Filter>Source Files\Server\LocalClient</Filter>
    </ClInclude>
    <ClInclude Include="Client.h">
      <Filter>Source Files\Client</Filter>
    </ClInclude>
    <ClInclude Include="CRC.h">
      <Filter>Source Files\CRC</Filter>
    </ClInclude>
    <ClInclude Include="NetFile\NetFile.h">
      <Filter>Source Files\File</Filter>
    </ClInclude>
    <ClInclude Include="Entities\Chat\Say.h">
      <Filter>Entities\NetChat</Filter>
    </ClInclude>
    <ClInclude Include="Entities\Ship\CannonController.h">
      <Filter>Entities\NetShip</Filter>
    </ClInclude>
    <ClInclude Include="Entities\Ship\FirePlace.h">
      <Filter>Entities\NetShip</Filter>
    </ClInclude>
    <ClInclude Include="Entities\Ship\ship.h">
      <Filter>Entities\NetShip</Filter>
    </ClInclude>
    <ClInclude Include="Entities\Ship\ShipLights.h">
      <Filter>Entities\NetShip</Filter>
    </ClInclude>
    <ClInclude Include="Entities\Ship\Track.h">
      <Filter>Entities\NetShip</Filter>
    </ClInclude>
    <ClInclude Include="Entities\Sea\sea.h">
      <Filter>Entities\NetSea</Filter>
    </ClInclude>
    <ClInclude Include="Entities\Weather\Weather.h">
      <Filter>Entities\NetWeather</Filter>
    </ClInclude>
    <ClInclude Include="Entities\Weather\Sky.h">
      <Filter>Entities\NetWeather\Sky</Filter>
    </ClInclude>
    <ClInclude Include="Entities\Weather\SunGlow.h">
      <Filter>Entities\NetWeather\SunGlow</Filter>
    </ClInclude>
    <ClInclude Include="Entities\Weather\Rain.h">
      <Filter>Entities\NetWeather\Rain</Filter>
    </ClInclude>
    <ClInclude Include="Entities\Weather\Lightning.h">
      <Filter>Entities\NetWeather\Lightning</Filter>
    </ClInclude>
    <ClInclude Include="Entities\Touch\touch.h">
      <Filter>Entities\NetTouch</Filter>
    </ClInclude>
    <ClInclude Include="Entities\Camera\Common_Camera.h">
      <Filter>Entities\NetCamera</Filter>
    </ClInclude>
    <ClInclude Include="Entities\Camera\DeckCamera.h">
      <Filter>Entities\NetCamera</Filter>
    </ClInclude>
    <ClInclude Include="Entities\Camera\ShipCamera.h">
      <Filter>Entities\NetCamera</Filter>
    </ClInclude>
    <ClInclude Include="Entities\Balls\NetBalls.h">
      <Filter>Entities\NetBalls</Filter>
    </ClInclude>
    <ClInclude Include="Entities\Rigging\Flag.h">
      <Filter>Entities\NetRigging</Filter>
    </ClInclude>
    <ClInclude Include="Entities\Rigging\mast.h">
      <Filter>Entities\NetRigging</Filter>
    </ClInclude>
    <ClInclude Include="Entities\Rigging\rigging_define.h">
      <Filter>Entities\NetRigging</Filter>
    </ClInclude>
    <ClInclude Include="Entities\Rigging\Rope.h">
      <Filter>Entities\NetRigging</Filter>
    </ClInclude>
    <ClInclude Include="Entities\Rigging\sail.h">
      <Filter>Entities\NetRigging</Filter>
    </ClInclude>
    <ClInclude Include="Entities\Rigging\SAILONE.h">
      <Filter>Entities\NetRigging</Filter>
    </ClInclude>
    <ClInclude Include="Entities\Rigging\Vant.h">
      <Filter>Entities\NetRigging</Filter>
    </ClInclude>
    <ClInclude Include="Entities\Cannons\Cannon.h">
      <Filter>Entities\NetCannons</Filter>
    </ClInclude>
    <ClInclude Include="entities\island\Foam.h">
      <Filter>Entities\NetIsland</Filter>
    </ClInclude>
    <ClInclude Include="Entities\Island\ISLAND.h">
      <Filter>Entities\NetIsland</Filter>
    </ClInclude>
    <ClInclude Include="Entities\Fort\Fort.h">
      <Filter>Entities\NetFort</Filter>
    </ClInclude>
    <ClInclude Include="entities\lightpillar\pillar.h">
      <Filter>Entities\NetLightPillar</Filter>
    </ClInclude>
  </ItemGroup>
  <ItemGroup>
    <ClCompile Include="net.cpp">
      <Filter>Source Files</Filter>
    </ClCompile>
    <ClCompile Include="Server.cpp">
      <Filter>Source Files\Server</Filter>
    </ClCompile>
    <ClCompile Include="LocalClient.cpp">
      <Filter>Source Files\Server\LocalClient</Filter>
    </ClCompile>
    <ClCompile Include="Client.cpp">
      <Filter>Source Files\Client</Filter>
    </ClCompile>
    <ClCompile Include="CRC16.cpp">
      <Filter>Source Files\CRC</Filter>
    </ClCompile>
    <ClCompile Include="CRC32.cpp">
      <Filter>Source Files\CRC</Filter>
    </ClCompile>
    <ClCompile Include="NetFile\NetFileRecv.cpp">
      <Filter>Source Files\File</Filter>
    </ClCompile>
    <ClCompile Include="NetFile\NetFileSend.cpp">
      <Filter>Source Files\File</Filter>
    </ClCompile>
    <ClCompile Include="Entities\Chat\Say.cpp">
      <Filter>Entities\NetChat</Filter>
    </ClCompile>
    <ClCompile Include="Entities\Ship\CannonController.cpp">
      <Filter>Entities\NetShip</Filter>
    </ClCompile>
    <ClCompile Include="Entities\Ship\FirePlace.cpp">
      <Filter>Entities\NetShip</Filter>
    </ClCompile>
    <ClCompile Include="Entities\Ship\ship.cpp">
      <Filter>Entities\NetShip</Filter>
    </ClCompile>
    <ClCompile Include="Entities\Ship\ship_utils.cpp">
      <Filter>Entities\NetShip</Filter>
    </ClCompile>
    <ClCompile Include="Entities\Ship\ShipLights.cpp">
      <Filter>Entities\NetShip</Filter>
    </ClCompile>
    <ClCompile Include="Entities\Ship\Track.cpp">
      <Filter>Entities\NetShip</Filter>
    </ClCompile>
    <ClCompile Include="Entities\Sea\EnvMap.cpp">
      <Filter>Entities\NetSea</Filter>
    </ClCompile>
    <ClCompile Include="Entities\Weather\Weather.cpp">
      <Filter>Entities\NetWeather</Filter>
    </ClCompile>
    <ClCompile Include="Entities\Weather\Sky.cpp">
      <Filter>Entities\NetWeather\Sky</Filter>
    </ClCompile>
    <ClCompile Include="Entities\Weather\SunGlow.cpp">
      <Filter>Entities\NetWeather\SunGlow</Filter>
    </ClCompile>
    <ClCompile Include="Entities\Weather\Rain.cpp">
      <Filter>Entities\NetWeather\Rain</Filter>
    </ClCompile>
    <ClCompile Include="Entities\Weather\Lightning.cpp">
      <Filter>Entities\NetWeather\Lightning</Filter>
    </ClCompile>
    <ClCompile Include="Entities\Touch\touch.cpp">
      <Filter>Entities\NetTouch</Filter>
    </ClCompile>
    <ClCompile Include="Entities\Camera\DeckCamera.cpp">
      <Filter>Entities\NetCamera</Filter>
    </ClCompile>
    <ClCompile Include="Entities\Camera\ShipCamera.cpp">
      <Filter>Entities\NetCamera</Filter>
    </ClCompile>
    <ClCompile Include="Entities\Balls\NetBalls.cpp">
      <Filter>Entities\NetBalls</Filter>
    </ClCompile>
    <ClCompile Include="Entities\Rigging\Flag.cpp">
      <Filter>Entities\NetRigging</Filter>
    </ClCompile>
    <ClCompile Include="Entities\Rigging\mast.cpp">
      <Filter>Entities\NetRigging</Filter>
    </ClCompile>
    <ClCompile Include="Entities\Rigging\Rope.cpp">
      <Filter>Entities\NetRigging</Filter>
    </ClCompile>
    <ClCompile Include="Entities\Rigging\sail.cpp">
      <Filter>Entities\NetRigging</Filter>
    </ClCompile>
    <ClCompile Include="Entities\Rigging\SAILONE.cpp">
      <Filter>Entities\NetRigging</Filter>
    </ClCompile>
    <ClCompile Include="Entities\Rigging\Vant.cpp">
      <Filter>Entities\NetRigging</Filter>
    </ClCompile>
    <ClCompile Include="Entities\Cannons\Cannon.cpp">
      <Filter>Entities\NetCannons</Filter>
    </ClCompile>
    <ClCompile Include="entities\island\Foam.cpp">
      <Filter>Entities\NetIsland</Filter>
    </ClCompile>
    <ClCompile Include="Entities\Island\ISLAND.cpp">
      <Filter>Entities\NetIsland</Filter>
    </ClCompile>
    <ClCompile Include="Entities\Island\MapZipper.cpp">
      <Filter>Entities\NetIsland</Filter>
    </ClCompile>
    <ClCompile Include="Entities\Island\ZapSuperGenerator.cpp">
      <Filter>Entities\NetIsland</Filter>
    </ClCompile>
    <ClCompile Include="Entities\Fort\Fort.cpp">
      <Filter>Entities\NetFort</Filter>
    </ClCompile>
    <ClCompile Include="entities\lightpillar\pillar.cpp">
      <Filter>Entities\NetLightPillar</Filter>
    </ClCompile>
    <ClCompile Include="Entities\Sea\net_sea.cpp">
      <Filter>Entities\NetSea</Filter>
    </ClCompile>
  </ItemGroup>
  <ItemGroup>
    <None Include="Script\NetFile.inl">
      <Filter>Source Files\Script</Filter>
    </None>
    <None Include="Script\NetInet.inl">
      <Filter>Source Files\Script</Filter>
    </None>
    <None Include="Script\NetMessage.inl">
      <Filter>Source Files\Script</Filter>
    </None>
    <None Include="Script\NetSocket.inl">
      <Filter>Source Files\Script</Filter>
    </None>
  </ItemGroup>
</Project>