<?xml version="1.0" encoding="utf-8"?>
<Project ToolsVersion="4.0" xmlns="http://schemas.microsoft.com/developer/msbuild/2003">
  <ItemGroup>
    <Filter Include="Source Files">
      <UniqueIdentifier>{c9c61f75-f8c9-46ef-b418-d0d53613c4c2}</UniqueIdentifier>
      <Extensions>cpp;c;cxx;rc;def;r;odl;idl;hpj;bat</Extensions>
    </Filter>
    <Filter Include="Header Files">
      <UniqueIdentifier>{6bcc856c-7fdc-4ab0-9c8b-2e2bc0ae4ed0}</UniqueIdentifier>
      <Extensions>h;hpp;hxx;hm;inl</Extensions>
    </Filter>
    <Filter Include="Users">
      <UniqueIdentifier>{23933a11-87de-4ae4-91d8-b3073e6de688}</UniqueIdentifier>
    </Filter>
    <Filter Include="Users\Vano Files">
      <UniqueIdentifier>{b596fc6a-66ee-4c99-a86c-c72a3ceba928}</UniqueIdentifier>
    </Filter>
    <Filter Include="Resource Files">
      <UniqueIdentifier>{ea50d3ec-f68f-4ac9-8267-9485bb096f4e}</UniqueIdentifier>
      <Extensions>ico;cur;bmp;dlg;rc2;rct;bin;rgs;gif;jpg;jpeg;jpe</Extensions>
    </Filter>
  </ItemGroup>
  <ItemGroup>
    <ClCompile Include="script_libriary_test.cpp">
      <Filter>Source Files</Filter>
    </ClCompile>
    <ClCompile Include="vano_files.cpp">
      <Filter>Users\Vano Files</Filter>
    </ClCompile>
  </ItemGroup>
  <ItemGroup>
    <ClInclude Include="script_libriary_test.h">
      <Filter>Header Files</Filter>
    </ClInclude>
    <ClInclude Include="vano_files.h">
      <Filter>Users\Vano Files</Filter>
    </ClInclude>
  </ItemGroup>
</Project>